
Microsoft Visual Studio Solution File, Format Version 12.00
# Visual Studio Version 17
VisualStudioVersion = 17.10.35122.118
MinimumVisualStudioVersion = 10.0.40219.1
Project("{FAE04EC0-301F-11D3-BF4B-00C04F79EFBC}") = "LibraryApp", "LibraryApp\LibraryApp.csproj", "{497B45E4-2CD9-4FDB-ADC1-CB38F4E57528}"
EndProject
Project("{FAE04EC0-301F-11D3-BF4B-00C04F79EFBC}") = "SecurityLibrary", "SecurityLibrary\SecurityLibrary.csproj", "{01F191FA-FD43-49F1-8E57-7F8D1943C508}"
EndProject
Global
	GlobalSection(SolutionConfigurationPlatforms) = preSolution
		Debug|Any CPU = Debug|Any CPU
		Release|Any CPU = Release|Any CPU
	EndGlobalSection
	GlobalSection(ProjectConfigurationPlatforms) = postSolution
		{497B45E4-2CD9-4FDB-ADC1-CB38F4E57528}.Debug|Any CPU.ActiveCfg = Debug|Any CPU
		{497B45E4-2CD9-4FDB-ADC1-CB38F4E57528}.Debug|Any CPU.Build.0 = Debug|Any CPU
		{497B45E4-2CD9-4FDB-ADC1-CB38F4E57528}.Release|Any CPU.ActiveCfg = Release|Any CPU
		{497B45E4-2CD9-4FDB-ADC1-CB38F4E57528}.Release|Any CPU.Build.0 = Release|Any CPU
		{01F191FA-FD43-49F1-8E57-7F8D1943C508}.Debug|Any CPU.ActiveCfg = Debug|Any CPU
		{01F191FA-FD43-49F1-8E57-7F8D1943C508}.Debug|Any CPU.Build.0 = Debug|Any CPU
		{01F191FA-FD43-49F1-8E57-7F8D1943C508}.Release|Any CPU.ActiveCfg = Release|Any CPU
		{01F191FA-FD43-49F1-8E57-7F8D1943C508}.Release|Any CPU.Build.0 = Release|Any CPU
	EndGlobalSection
	GlobalSection(SolutionProperties) = preSolution
		HideSolutionNode = FALSE
	EndGlobalSection
	GlobalSection(ExtensibilityGlobals) = postSolution
		SolutionGuid = {61A63B7C-C685-4264-81E4-206650C0D5D9}
	EndGlobalSection
EndGlobal
